
Microsoft Visual Studio Solution File, Format Version 12.00
# Visual Studio Version 17
VisualStudioVersion = 17.13.35806.99
MinimumVisualStudioVersion = 10.0.40219.1
Project("{FAE04EC0-301F-11D3-BF4B-00C04F79EFBC}") = "Esketit.API", "Esketit.API\Esketit.API.csproj", "{DE3EB575-3BAD-492F-9CE4-1DE60E351E04}"
EndProject
Project("{2150E333-8FDC-42A3-9474-1A3956D46DE8}") = "Solution Items", "Solution Items", "{8EC462FD-D22E-90A8-E5CE-7E832BA40C5D}"
	ProjectSection(SolutionItems) = preProject
		..\.gitattributes = ..\.gitattributes
		..\.gitignore = ..\.gitignore
		..\LICENSE.txt = ..\LICENSE.txt
		..\README.md = ..\README.md
	EndProjectSection
EndProject
Project("{FAE04EC0-301F-11D3-BF4B-00C04F79EFBC}") = "Esketit.API.Tests", "Esketit.API.Tests\Esketit.API.Tests.csproj", "{33F5FA9C-1529-4562-A69E-C5517C759A9B}"
EndProject
Project("{2150E333-8FDC-42A3-9474-1A3956D46DE8}") = ".github", ".github", "{02EA681E-C7D8-13C7-8484-4AC65E1B71E8}"
EndProject
Project("{2150E333-8FDC-42A3-9474-1A3956D46DE8}") = "workflows", "workflows", "{BDBA995C-89A7-4703-B6D3-7995F4F30CBE}"
	ProjectSection(SolutionItems) = preProject
		..\.github\workflows\build-and-test.yml = ..\.github\workflows\build-and-test.yml
	EndProjectSection
EndProject
Global
	GlobalSection(SolutionConfigurationPlatforms) = preSolution
		Debug|Any CPU = Debug|Any CPU
		Release|Any CPU = Release|Any CPU
	EndGlobalSection
	GlobalSection(ProjectConfigurationPlatforms) = postSolution
		{DE3EB575-3BAD-492F-9CE4-1DE60E351E04}.Debug|Any CPU.ActiveCfg = Debug|Any CPU
		{DE3EB575-3BAD-492F-9CE4-1DE60E351E04}.Debug|Any CPU.Build.0 = Debug|Any CPU
		{DE3EB575-3BAD-492F-9CE4-1DE60E351E04}.Release|Any CPU.ActiveCfg = Release|Any CPU
		{DE3EB575-3BAD-492F-9CE4-1DE60E351E04}.Release|Any CPU.Build.0 = Release|Any CPU
		{33F5FA9C-1529-4562-A69E-C5517C759A9B}.Debug|Any CPU.ActiveCfg = Debug|Any CPU
		{33F5FA9C-1529-4562-A69E-C5517C759A9B}.Debug|Any CPU.Build.0 = Debug|Any CPU
		{33F5FA9C-1529-4562-A69E-C5517C759A9B}.Release|Any CPU.ActiveCfg = Release|Any CPU
		{33F5FA9C-1529-4562-A69E-C5517C759A9B}.Release|Any CPU.Build.0 = Release|Any CPU
	EndGlobalSection
	GlobalSection(SolutionProperties) = preSolution
		HideSolutionNode = FALSE
	EndGlobalSection
	GlobalSection(NestedProjects) = preSolution
		{BDBA995C-89A7-4703-B6D3-7995F4F30CBE} = {02EA681E-C7D8-13C7-8484-4AC65E1B71E8}
	EndGlobalSection
	GlobalSection(ExtensibilityGlobals) = postSolution
		SolutionGuid = {5ED26E25-9282-440A-BD56-190A9249472C}
	EndGlobalSection
EndGlobal
